
Microsoft Visual Studio Solution File, Format Version 12.00
# Visual Studio 2015
Project("{FAE04EC0-301F-11D3-BF4B-00C04F79EFBC}") = "Dreamer.CSharp", "Dreamer.CSharp.csproj", "{C3977E2B-8640-05FE-2ED4-956DE55C2400}"
EndProject
Global
	GlobalSection(SolutionConfigurationPlatforms) = preSolution
		Debug|Any CPU = Debug|Any CPU
		Release|Any CPU = Release|Any CPU
	EndGlobalSection
	GlobalSection(ProjectConfigurationPlatforms) = postSolution
		{C3977E2B-8640-05FE-2ED4-956DE55C2400}.Debug|Any CPU.ActiveCfg = Debug|Any CPU
		{C3977E2B-8640-05FE-2ED4-956DE55C2400}.Debug|Any CPU.Build.0 = Debug|Any CPU
		{C3977E2B-8640-05FE-2ED4-956DE55C2400}.Release|Any CPU.ActiveCfg = Release|Any CPU
		{C3977E2B-8640-05FE-2ED4-956DE55C2400}.Release|Any CPU.Build.0 = Release|Any CPU
	EndGlobalSection
	GlobalSection(SolutionProperties) = preSolution
		HideSolutionNode = FALSE
	EndGlobalSection
EndGlobal
